<?xml version="1.0" encoding="utf-8"?>
<Project ToolsVersion="4.0" xmlns="http://schemas.microsoft.com/developer/msbuild/2003">
  <ItemGroup>
    <ClCompile Include="ClassFactory.cpp">
      <Filter>Source</Filter>
    </ClCompile>
    <ClCompile Include="FileContextMenuExt.cpp">
      <Filter>Source</Filter>
    </ClCompile>
    <ClCompile Include="Reg.cpp">
      <Filter>Source</Filter>
    </ClCompile>
    <ClCompile Include="dllmain.cpp">
      <Filter>Source</Filter>
    </ClCompile>
  </ItemGroup>
  <ItemGroup>
    <ClInclude Include="ClassFactory.h">
      <Filter>Header</Filter>
    </ClInclude>
    <ClInclude Include="FileContextMenuExt.h">
      <Filter>Header</Filter>
    </ClInclude>
    <ClInclude Include="Reg.h">
      <Filter>Header</Filter>
    </ClInclude>
    <ClInclude Include="resource.h">
      <Filter>Header</Filter>
    </ClInclude>
  </ItemGroup>
  <ItemGroup>
    <Filter Include="Source">
      <UniqueIdentifier>{be240ce4-fc63-45b0-a867-eef547b5d68a}</UniqueIdentifier>
    </Filter>
    <Filter Include="Header">
      <UniqueIdentifier>{f6b76b92-40b2-440b-867a-55002f40c544}</UniqueIdentifier>
    </Filter>
    <Filter Include="Resource">
      <UniqueIdentifier>{65b71c0b-4dab-4f87-8bd9-9d73b40a905a}</UniqueIdentifier>
    </Filter>
  </ItemGroup>
  <ItemGroup>
    <ResourceCompile Include="RoboPaste.rc">
      <Filter>Resource</Filter>
    </ResourceCompile>
  </ItemGroup>
  <ItemGroup>
    <None Include="GlobalExportFunctions.def">
      <Filter>Source</Filter>
    </None>
  </ItemGroup>
</Project>